
Microsoft Visual Studio Solution File, Format Version 12.00
# Visual Studio Version 16
VisualStudioVersion = 16.0.28922.388
MinimumVisualStudioVersion = 10.0.40219.1
Project("{FAE04EC0-301F-11D3-BF4B-00C04F79EFBC}") = "QuickBuy.Dominio", "QuickBuy.Dominio\QuickBuy.Dominio.csproj", "{556AEEAD-8CBB-414C-8CCD-A977F16B8388}"
EndProject
Project("{FAE04EC0-301F-11D3-BF4B-00C04F79EFBC}") = "QuickBuy.Repositorio", "QuickBuy.Repositorio\QuickBuy.Repositorio.csproj", "{3909C820-EF76-4A34-AFA5-34F8C82602BE}"
EndProject
Project("{FAE04EC0-301F-11D3-BF4B-00C04F79EFBC}") = "QuickBuy.Angular", "QuickBuy.Angular\QuickBuy.Angular.csproj", "{F6E88874-C8F5-480A-811C-5320E02ABF61}"
EndProject
Global
	GlobalSection(SolutionConfigurationPlatforms) = preSolution
		Debug|Any CPU = Debug|Any CPU
		Release|Any CPU = Release|Any CPU
	EndGlobalSection
	GlobalSection(ProjectConfigurationPlatforms) = postSolution
		{556AEEAD-8CBB-414C-8CCD-A977F16B8388}.Debug|Any CPU.ActiveCfg = Debug|Any CPU
		{556AEEAD-8CBB-414C-8CCD-A977F16B8388}.Debug|Any CPU.Build.0 = Debug|Any CPU
		{556AEEAD-8CBB-414C-8CCD-A977F16B8388}.Release|Any CPU.ActiveCfg = Release|Any CPU
		{556AEEAD-8CBB-414C-8CCD-A977F16B8388}.Release|Any CPU.Build.0 = Release|Any CPU
		{3909C820-EF76-4A34-AFA5-34F8C82602BE}.Debug|Any CPU.ActiveCfg = Debug|Any CPU
		{3909C820-EF76-4A34-AFA5-34F8C82602BE}.Debug|Any CPU.Build.0 = Debug|Any CPU
		{3909C820-EF76-4A34-AFA5-34F8C82602BE}.Release|Any CPU.ActiveCfg = Release|Any CPU
		{3909C820-EF76-4A34-AFA5-34F8C82602BE}.Release|Any CPU.Build.0 = Release|Any CPU
		{F6E88874-C8F5-480A-811C-5320E02ABF61}.Debug|Any CPU.ActiveCfg = Debug|Any CPU
		{F6E88874-C8F5-480A-811C-5320E02ABF61}.Debug|Any CPU.Build.0 = Debug|Any CPU
		{F6E88874-C8F5-480A-811C-5320E02ABF61}.Release|Any CPU.ActiveCfg = Release|Any CPU
		{F6E88874-C8F5-480A-811C-5320E02ABF61}.Release|Any CPU.Build.0 = Release|Any CPU
	EndGlobalSection
	GlobalSection(SolutionProperties) = preSolution
		HideSolutionNode = FALSE
	EndGlobalSection
	GlobalSection(ExtensibilityGlobals) = postSolution
		SolutionGuid = {72FD2862-59DD-4ED9-8B4A-A229570C33A2}
	EndGlobalSection
EndGlobal
